
Microsoft Visual Studio Solution File, Format Version 12.00
# Visual Studio Version 16
VisualStudioVersion = 16.0.30711.63
MinimumVisualStudioVersion = 10.0.40219.1
Project("{FAE04EC0-301F-11D3-BF4B-00C04F79EFBC}") = "SalesWebMVC", "SalesWebMVC\SalesWebMVC.csproj", "{67BBD1E8-7083-45A3-A5AB-7E1C0745E780}"
EndProject
Global
	GlobalSection(SolutionConfigurationPlatforms) = preSolution
		Debug|Any CPU = Debug|Any CPU
		Release|Any CPU = Release|Any CPU
	EndGlobalSection
	GlobalSection(ProjectConfigurationPlatforms) = postSolution
		{67BBD1E8-7083-45A3-A5AB-7E1C0745E780}.Debug|Any CPU.ActiveCfg = Debug|Any CPU
		{67BBD1E8-7083-45A3-A5AB-7E1C0745E780}.Debug|Any CPU.Build.0 = Debug|Any CPU
		{67BBD1E8-7083-45A3-A5AB-7E1C0745E780}.Release|Any CPU.ActiveCfg = Release|Any CPU
		{67BBD1E8-7083-45A3-A5AB-7E1C0745E780}.Release|Any CPU.Build.0 = Release|Any CPU
	EndGlobalSection
	GlobalSection(SolutionProperties) = preSolution
		HideSolutionNode = FALSE
	EndGlobalSection
	GlobalSection(ExtensibilityGlobals) = postSolution
		SolutionGuid = {6F21193A-070C-4303-B3AD-D19548813AB7}
	EndGlobalSection
EndGlobal
